
Microsoft Visual Studio Solution File, Format Version 11.00
# Visual Studio 2010
Project("{FAE04EC0-301F-11D3-BF4B-00C04F79EFBC}") = "kurGuncelleme", "kurGuncelleme\kurGuncelleme.csproj", "{62F722B3-AC5C-4B87-838A-FE1C13370F1A}"
EndProject
Project("{54435603-DBB4-11D2-8724-00A0C9A8B90C}") = "kurGuncelleyici_setup", "kurGuncelleyici_setup\kurGuncelleyici_setup.vdproj", "{BEB2AA94-E6E3-48BF-BE80-34CFB9E1AE5E}"
EndProject
Global
	GlobalSection(SolutionConfigurationPlatforms) = preSolution
		Debug|x86 = Debug|x86
		Release|x86 = Release|x86
	EndGlobalSection
	GlobalSection(ProjectConfigurationPlatforms) = postSolution
		{62F722B3-AC5C-4B87-838A-FE1C13370F1A}.Debug|x86.ActiveCfg = Debug|x86
		{62F722B3-AC5C-4B87-838A-FE1C13370F1A}.Debug|x86.Build.0 = Debug|x86
		{62F722B3-AC5C-4B87-838A-FE1C13370F1A}.Release|x86.ActiveCfg = Release|x86
		{62F722B3-AC5C-4B87-838A-FE1C13370F1A}.Release|x86.Build.0 = Release|x86
		{BEB2AA94-E6E3-48BF-BE80-34CFB9E1AE5E}.Debug|x86.ActiveCfg = Debug
		{BEB2AA94-E6E3-48BF-BE80-34CFB9E1AE5E}.Debug|x86.Build.0 = Debug
		{BEB2AA94-E6E3-48BF-BE80-34CFB9E1AE5E}.Release|x86.ActiveCfg = Release
	EndGlobalSection
	GlobalSection(SolutionProperties) = preSolution
		HideSolutionNode = FALSE
	EndGlobalSection
EndGlobal
